
Microsoft Visual Studio Solution File, Format Version 12.00
# Visual Studio Version 16
VisualStudioVersion = 16.0.29306.81
MinimumVisualStudioVersion = 10.0.40219.1
Project("{FAE04EC0-301F-11D3-BF4B-00C04F79EFBC}") = "sample_yamldotnet_serialize", "sample_yamldotnet_serialize\sample_yamldotnet_serialize.csproj", "{05CC54DA-AB62-405A-B1B4-589EA7C88FCB}"
EndProject
Global
	GlobalSection(SolutionConfigurationPlatforms) = preSolution
		Debug|Any CPU = Debug|Any CPU
		Release|Any CPU = Release|Any CPU
	EndGlobalSection
	GlobalSection(ProjectConfigurationPlatforms) = postSolution
		{05CC54DA-AB62-405A-B1B4-589EA7C88FCB}.Debug|Any CPU.ActiveCfg = Debug|Any CPU
		{05CC54DA-AB62-405A-B1B4-589EA7C88FCB}.Debug|Any CPU.Build.0 = Debug|Any CPU
		{05CC54DA-AB62-405A-B1B4-589EA7C88FCB}.Release|Any CPU.ActiveCfg = Release|Any CPU
		{05CC54DA-AB62-405A-B1B4-589EA7C88FCB}.Release|Any CPU.Build.0 = Release|Any CPU
	EndGlobalSection
	GlobalSection(SolutionProperties) = preSolution
		HideSolutionNode = FALSE
	EndGlobalSection
	GlobalSection(ExtensibilityGlobals) = postSolution
		SolutionGuid = {B4DBF05A-D4F6-430A-AC97-509084FFCD01}
	EndGlobalSection
EndGlobal
